
Microsoft Visual Studio Solution File, Format Version 12.00
# Visual Studio Version 17
VisualStudioVersion = 17.8.34511.84
MinimumVisualStudioVersion = 10.0.40219.1
Project("{FAE04EC0-301F-11D3-BF4B-00C04F79EFBC}") = "WebAppSchool", "WebAppSchool\WebAppSchool.csproj", "{569EFB93-42B1-43BF-8F3C-3F43FDCE1C52}"
EndProject
Global
	GlobalSection(SolutionConfigurationPlatforms) = preSolution
		Debug|Any CPU = Debug|Any CPU
		Release|Any CPU = Release|Any CPU
	EndGlobalSection
	GlobalSection(ProjectConfigurationPlatforms) = postSolution
		{569EFB93-42B1-43BF-8F3C-3F43FDCE1C52}.Debug|Any CPU.ActiveCfg = Debug|Any CPU
		{569EFB93-42B1-43BF-8F3C-3F43FDCE1C52}.Debug|Any CPU.Build.0 = Debug|Any CPU
		{569EFB93-42B1-43BF-8F3C-3F43FDCE1C52}.Release|Any CPU.ActiveCfg = Release|Any CPU
		{569EFB93-42B1-43BF-8F3C-3F43FDCE1C52}.Release|Any CPU.Build.0 = Release|Any CPU
	EndGlobalSection
	GlobalSection(SolutionProperties) = preSolution
		HideSolutionNode = FALSE
	EndGlobalSection
	GlobalSection(ExtensibilityGlobals) = postSolution
		SolutionGuid = {7D84CD5B-E98B-4D3E-90B2-7335616F8CCF}
	EndGlobalSection
EndGlobal
